
Microsoft Visual Studio Solution File, Format Version 12.00
# Visual Studio 15
VisualStudioVersion = 15.0.28307.1022
MinimumVisualStudioVersion = 10.0.40219.1
Project("{FAE04EC0-301F-11D3-BF4B-00C04F79EFBC}") = "Datos", "Datos\Datos.csproj", "{9FFFB81A-5C0D-4B25-B540-CE559CC14155}"
EndProject
Project("{FAE04EC0-301F-11D3-BF4B-00C04F79EFBC}") = "AppORM", "AppORM\AppORM.csproj", "{B9FFB2F2-F82C-4FC8-8CC0-0A4792F61241}"
EndProject
Project("{FAE04EC0-301F-11D3-BF4B-00C04F79EFBC}") = "AppORMConsola", "AppORMConsola\AppORMConsola.csproj", "{7852EFA9-2359-4F28-A874-F8DA4A589856}"
EndProject
Global
	GlobalSection(SolutionConfigurationPlatforms) = preSolution
		Debug|Any CPU = Debug|Any CPU
		Release|Any CPU = Release|Any CPU
	EndGlobalSection
	GlobalSection(ProjectConfigurationPlatforms) = postSolution
		{9FFFB81A-5C0D-4B25-B540-CE559CC14155}.Debug|Any CPU.ActiveCfg = Debug|Any CPU
		{9FFFB81A-5C0D-4B25-B540-CE559CC14155}.Debug|Any CPU.Build.0 = Debug|Any CPU
		{9FFFB81A-5C0D-4B25-B540-CE559CC14155}.Release|Any CPU.ActiveCfg = Release|Any CPU
		{9FFFB81A-5C0D-4B25-B540-CE559CC14155}.Release|Any CPU.Build.0 = Release|Any CPU
		{B9FFB2F2-F82C-4FC8-8CC0-0A4792F61241}.Debug|Any CPU.ActiveCfg = Debug|Any CPU
		{B9FFB2F2-F82C-4FC8-8CC0-0A4792F61241}.Debug|Any CPU.Build.0 = Debug|Any CPU
		{B9FFB2F2-F82C-4FC8-8CC0-0A4792F61241}.Release|Any CPU.ActiveCfg = Release|Any CPU
		{B9FFB2F2-F82C-4FC8-8CC0-0A4792F61241}.Release|Any CPU.Build.0 = Release|Any CPU
		{7852EFA9-2359-4F28-A874-F8DA4A589856}.Debug|Any CPU.ActiveCfg = Debug|Any CPU
		{7852EFA9-2359-4F28-A874-F8DA4A589856}.Debug|Any CPU.Build.0 = Debug|Any CPU
		{7852EFA9-2359-4F28-A874-F8DA4A589856}.Release|Any CPU.ActiveCfg = Release|Any CPU
		{7852EFA9-2359-4F28-A874-F8DA4A589856}.Release|Any CPU.Build.0 = Release|Any CPU
	EndGlobalSection
	GlobalSection(SolutionProperties) = preSolution
		HideSolutionNode = FALSE
	EndGlobalSection
	GlobalSection(ExtensibilityGlobals) = postSolution
		SolutionGuid = {9289AC8B-9662-491C-9E82-41BF08CA8278}
	EndGlobalSection
EndGlobal
